
Microsoft Visual Studio Solution File, Format Version 12.00
# Visual Studio 15
VisualStudioVersion = 15.0.27703.2000
MinimumVisualStudioVersion = 10.0.40219.1
Project("{FAE04EC0-301F-11D3-BF4B-00C04F79EFBC}") = "KivetítőWPF3MVVMPages", "KivetítőWPF3MVVMPages\KivetítőWPF3MVVMPages.csproj", "{3AD29B8A-ED41-46E5-A19D-CAD8117F8A58}"
EndProject
Global
	GlobalSection(SolutionConfigurationPlatforms) = preSolution
		Debug|Any CPU = Debug|Any CPU
		Release|Any CPU = Release|Any CPU
	EndGlobalSection
	GlobalSection(ProjectConfigurationPlatforms) = postSolution
		{3AD29B8A-ED41-46E5-A19D-CAD8117F8A58}.Debug|Any CPU.ActiveCfg = Debug|Any CPU
		{3AD29B8A-ED41-46E5-A19D-CAD8117F8A58}.Debug|Any CPU.Build.0 = Debug|Any CPU
		{3AD29B8A-ED41-46E5-A19D-CAD8117F8A58}.Release|Any CPU.ActiveCfg = Release|Any CPU
		{3AD29B8A-ED41-46E5-A19D-CAD8117F8A58}.Release|Any CPU.Build.0 = Release|Any CPU
	EndGlobalSection
	GlobalSection(SolutionProperties) = preSolution
		HideSolutionNode = FALSE
	EndGlobalSection
	GlobalSection(ExtensibilityGlobals) = postSolution
		SolutionGuid = {4EB9B4FD-A6AA-4B8C-BCCA-011519D8EBCF}
	EndGlobalSection
EndGlobal
